// !$*UTF8*$!
{
	archiveVersion = 1;
	classes = {
	};
	objectVersion = 55;
	objects = {

/* Begin PBXBuildFile section */
		003557572746610B00D9AA05 /* MovieGenres.swift in Sources */ = {isa = PBXBuildFile; fileRef = 003557512746610B00D9AA05 /* MovieGenres.swift */; };
		003557582746610B00D9AA05 /* JSONMovieDetails.swift in Sources */ = {isa = PBXBuildFile; fileRef = 003557522746610B00D9AA05 /* JSONMovieDetails.swift */; };
		003557592746610B00D9AA05 /* MovieProductionCompanies.swift in Sources */ = {isa = PBXBuildFile; fileRef = 003557532746610B00D9AA05 /* MovieProductionCompanies.swift */; };
		0035575A2746610B00D9AA05 /* MovieProductionCountries.swift in Sources */ = {isa = PBXBuildFile; fileRef = 003557542746610B00D9AA05 /* MovieProductionCountries.swift */; };
		0035575B2746610B00D9AA05 /* MovieSpokenLanguages.swift in Sources */ = {isa = PBXBuildFile; fileRef = 003557552746610B00D9AA05 /* MovieSpokenLanguages.swift */; };
		0035575C2746610B00D9AA05 /* MovieBelongsToCollection.swift in Sources */ = {isa = PBXBuildFile; fileRef = 003557562746610B00D9AA05 /* MovieBelongsToCollection.swift */; };
		0035576627468CEB00D9AA05 /* VideoResults.swift in Sources */ = {isa = PBXBuildFile; fileRef = 0035576427468CEB00D9AA05 /* VideoResults.swift */; };
		0035576727468CEB00D9AA05 /* JSONVideo.swift in Sources */ = {isa = PBXBuildFile; fileRef = 0035576527468CEB00D9AA05 /* JSONVideo.swift */; };
		0088217527454526000C4478 /* MovieDetailsViewController.swift in Sources */ = {isa = PBXBuildFile; fileRef = 0088217427454526000C4478 /* MovieDetailsViewController.swift */; };
		0088217727454638000C4478 /* TvDetailsViewController.swift in Sources */ = {isa = PBXBuildFile; fileRef = 0088217627454638000C4478 /* TvDetailsViewController.swift */; };
		00A855F12742FBA60060D2AE /* MainPageCollectionViewCell.swift in Sources */ = {isa = PBXBuildFile; fileRef = 00A855EF2742FBA60060D2AE /* MainPageCollectionViewCell.swift */; };
		00A855F22742FBA60060D2AE /* MainPageCollectionViewCell.xib in Resources */ = {isa = PBXBuildFile; fileRef = 00A855F02742FBA60060D2AE /* MainPageCollectionViewCell.xib */; };
		00CEFA44273BEF9E00421608 /* AppDelegate.swift in Sources */ = {isa = PBXBuildFile; fileRef = 00CEFA43273BEF9E00421608 /* AppDelegate.swift */; };
		00CEFA46273BEF9E00421608 /* SceneDelegate.swift in Sources */ = {isa = PBXBuildFile; fileRef = 00CEFA45273BEF9E00421608 /* SceneDelegate.swift */; };
		00CEFA48273BEF9E00421608 /* MainViewController.swift in Sources */ = {isa = PBXBuildFile; fileRef = 00CEFA47273BEF9E00421608 /* MainViewController.swift */; };
		00CEFA4B273BEF9E00421608 /* Main.storyboard in Resources */ = {isa = PBXBuildFile; fileRef = 00CEFA49273BEF9E00421608 /* Main.storyboard */; };
		00CEFA4D273BEF9F00421608 /* Assets.xcassets in Resources */ = {isa = PBXBuildFile; fileRef = 00CEFA4C273BEF9F00421608 /* Assets.xcassets */; };
		00CEFA50273BEF9F00421608 /* LaunchScreen.storyboard in Resources */ = {isa = PBXBuildFile; fileRef = 00CEFA4E273BEF9F00421608 /* LaunchScreen.storyboard */; };
		00CEFA5A273BF1FD00421608 /* NetworkManager.swift in Sources */ = {isa = PBXBuildFile; fileRef = 00CEFA59273BF1FD00421608 /* NetworkManager.swift */; };
		00CEFA5E273BF2BC00421608 /* Results.swift in Sources */ = {isa = PBXBuildFile; fileRef = 00CEFA5C273BF2BC00421608 /* Results.swift */; };
		00CEFA5F273BF2BC00421608 /* JSONRespose.swift in Sources */ = {isa = PBXBuildFile; fileRef = 00CEFA5D273BF2BC00421608 /* JSONRespose.swift */; };
		00F3918827482E6300601420 /* TvLastEpisodeToAir.swift in Sources */ = {isa = PBXBuildFile; fileRef = 00F3917E27482E6300601420 /* TvLastEpisodeToAir.swift */; };
		00F3918927482E6300601420 /* TvProductionCompanies.swift in Sources */ = {isa = PBXBuildFile; fileRef = 00F3917F27482E6300601420 /* TvProductionCompanies.swift */; };
		00F3918A27482E6300601420 /* TvNetworks.swift in Sources */ = {isa = PBXBuildFile; fileRef = 00F3918027482E6300601420 /* TvNetworks.swift */; };
		00F3918B27482E6300601420 /* TvGenres.swift in Sources */ = {isa = PBXBuildFile; fileRef = 00F3918127482E6300601420 /* TvGenres.swift */; };
		00F3918C27482E6300601420 /* TvProductionCountries.swift in Sources */ = {isa = PBXBuildFile; fileRef = 00F3918227482E6300601420 /* TvProductionCountries.swift */; };
		00F3918D27482E6300601420 /* TvCreatedBy.swift in Sources */ = {isa = PBXBuildFile; fileRef = 00F3918327482E6300601420 /* TvCreatedBy.swift */; };
		00F3918E27482E6300601420 /* JSONTvDetails.swift in Sources */ = {isa = PBXBuildFile; fileRef = 00F3918427482E6300601420 /* JSONTvDetails.swift */; };
		00F3918F27482E6300601420 /* TvSpokenLanguages.swift in Sources */ = {isa = PBXBuildFile; fileRef = 00F3918527482E6300601420 /* TvSpokenLanguages.swift */; };
		00F3919027482E6300601420 /* TvNextEpisodeToAir.swift in Sources */ = {isa = PBXBuildFile; fileRef = 00F3918627482E6300601420 /* TvNextEpisodeToAir.swift */; };
		00F3919127482E6300601420 /* TvSeasons.swift in Sources */ = {isa = PBXBuildFile; fileRef = 00F3918727482E6300601420 /* TvSeasons.swift */; };
		00F391952748461D00601420 /* TvSeasoneCollectionViewCell.swift in Sources */ = {isa = PBXBuildFile; fileRef = 00F391932748461D00601420 /* TvSeasoneCollectionViewCell.swift */; };
		00F391962748461D00601420 /* TvSeasoneCollectionViewCell.xib in Resources */ = {isa = PBXBuildFile; fileRef = 00F391942748461D00601420 /* TvSeasoneCollectionViewCell.xib */; };
		21E41077E7786EED49E04402 /* Pods_CourseProject.framework in Frameworks */ = {isa = PBXBuildFile; fileRef = 6BCC1A3517366F262FCCDE41 /* Pods_CourseProject.framework */; };
/* End PBXBuildFile section */

/* Begin PBXFileReference section */
		003557512746610B00D9AA05 /* MovieGenres.swift */ = {isa = PBXFileReference; fileEncoding = 4; lastKnownFileType = sourcecode.swift; path = MovieGenres.swift; sourceTree = "<group>"; };
		003557522746610B00D9AA05 /* JSONMovieDetails.swift */ = {isa = PBXFileReference; fileEncoding = 4; lastKnownFileType = sourcecode.swift; path = JSONMovieDetails.swift; sourceTree = "<group>"; };
		003557532746610B00D9AA05 /* MovieProductionCompanies.swift */ = {isa = PBXFileReference; fileEncoding = 4; lastKnownFileType = sourcecode.swift; path = MovieProductionCompanies.swift; sourceTree = "<group>"; };
		003557542746610B00D9AA05 /* MovieProductionCountries.swift */ = {isa = PBXFileReference; fileEncoding = 4; lastKnownFileType = sourcecode.swift; path = MovieProductionCountries.swift; sourceTree = "<group>"; };
		003557552746610B00D9AA05 /* MovieSpokenLanguages.swift */ = {isa = PBXFileReference; fileEncoding = 4; lastKnownFileType = sourcecode.swift; path = MovieSpokenLanguages.swift; sourceTree = "<group>"; };
		003557562746610B00D9AA05 /* MovieBelongsToCollection.swift */ = {isa = PBXFileReference; fileEncoding = 4; lastKnownFileType = sourcecode.swift; path = MovieBelongsToCollection.swift; sourceTree = "<group>"; };
		0035576427468CEB00D9AA05 /* VideoResults.swift */ = {isa = PBXFileReference; fileEncoding = 4; lastKnownFileType = sourcecode.swift; path = VideoResults.swift; sourceTree = "<group>"; };
		0035576527468CEB00D9AA05 /* JSONVideo.swift */ = {isa = PBXFileReference; fileEncoding = 4; lastKnownFileType = sourcecode.swift; path = JSONVideo.swift; sourceTree = "<group>"; };
		0088217427454526000C4478 /* MovieDetailsViewController.swift */ = {isa = PBXFileReference; lastKnownFileType = sourcecode.swift; path = MovieDetailsViewController.swift; sourceTree = "<group>"; };
		0088217627454638000C4478 /* TvDetailsViewController.swift */ = {isa = PBXFileReference; lastKnownFileType = sourcecode.swift; path = TvDetailsViewController.swift; sourceTree = "<group>"; };
		00A855EF2742FBA60060D2AE /* MainPageCollectionViewCell.swift */ = {isa = PBXFileReference; lastKnownFileType = sourcecode.swift; path = MainPageCollectionViewCell.swift; sourceTree = "<group>"; };
		00A855F02742FBA60060D2AE /* MainPageCollectionViewCell.xib */ = {isa = PBXFileReference; lastKnownFileType = file.xib; path = MainPageCollectionViewCell.xib; sourceTree = "<group>"; };
		00CEFA40273BEF9E00421608 /* CourseProject.app */ = {isa = PBXFileReference; explicitFileType = wrapper.application; includeInIndex = 0; path = CourseProject.app; sourceTree = BUILT_PRODUCTS_DIR; };
		00CEFA43273BEF9E00421608 /* AppDelegate.swift */ = {isa = PBXFileReference; lastKnownFileType = sourcecode.swift; path = AppDelegate.swift; sourceTree = "<group>"; };
		00CEFA45273BEF9E00421608 /* SceneDelegate.swift */ = {isa = PBXFileReference; lastKnownFileType = sourcecode.swift; path = SceneDelegate.swift; sourceTree = "<group>"; };
		00CEFA47273BEF9E00421608 /* MainViewController.swift */ = {isa = PBXFileReference; lastKnownFileType = sourcecode.swift; path = MainViewController.swift; sourceTree = "<group>"; };
		00CEFA4A273BEF9E00421608 /* Base */ = {isa = PBXFileReference; lastKnownFileType = file.storyboard; name = Base; path = Base.lproj/Main.storyboard; sourceTree = "<group>"; };
		00CEFA4C273BEF9F00421608 /* Assets.xcassets */ = {isa = PBXFileReference; lastKnownFileType = folder.assetcatalog; path = Assets.xcassets; sourceTree = "<group>"; };
		00CEFA4F273BEF9F00421608 /* Base */ = {isa = PBXFileReference; lastKnownFileType = file.storyboard; name = Base; path = Base.lproj/LaunchScreen.storyboard; sourceTree = "<group>"; };
		00CEFA51273BEF9F00421608 /* Info.plist */ = {isa = PBXFileReference; lastKnownFileType = text.plist.xml; path = Info.plist; sourceTree = "<group>"; };
		00CEFA59273BF1FD00421608 /* NetworkManager.swift */ = {isa = PBXFileReference; lastKnownFileType = sourcecode.swift; path = NetworkManager.swift; sourceTree = "<group>"; };
		00CEFA5C273BF2BC00421608 /* Results.swift */ = {isa = PBXFileReference; fileEncoding = 4; lastKnownFileType = sourcecode.swift; path = Results.swift; sourceTree = "<group>"; };
		00CEFA5D273BF2BC00421608 /* JSONRespose.swift */ = {isa = PBXFileReference; fileEncoding = 4; lastKnownFileType = sourcecode.swift; path = JSONRespose.swift; sourceTree = "<group>"; };
		00F3917E27482E6300601420 /* TvLastEpisodeToAir.swift */ = {isa = PBXFileReference; fileEncoding = 4; lastKnownFileType = sourcecode.swift; path = TvLastEpisodeToAir.swift; sourceTree = "<group>"; };
		00F3917F27482E6300601420 /* TvProductionCompanies.swift */ = {isa = PBXFileReference; fileEncoding = 4; lastKnownFileType = sourcecode.swift; path = TvProductionCompanies.swift; sourceTree = "<group>"; };
		00F3918027482E6300601420 /* TvNetworks.swift */ = {isa = PBXFileReference; fileEncoding = 4; lastKnownFileType = sourcecode.swift; path = TvNetworks.swift; sourceTree = "<group>"; };
		00F3918127482E6300601420 /* TvGenres.swift */ = {isa = PBXFileReference; fileEncoding = 4; lastKnownFileType = sourcecode.swift; path = TvGenres.swift; sourceTree = "<group>"; };
		00F3918227482E6300601420 /* TvProductionCountries.swift */ = {isa = PBXFileReference; fileEncoding = 4; lastKnownFileType = sourcecode.swift; path = TvProductionCountries.swift; sourceTree = "<group>"; };
		00F3918327482E6300601420 /* TvCreatedBy.swift */ = {isa = PBXFileReference; fileEncoding = 4; lastKnownFileType = sourcecode.swift; path = TvCreatedBy.swift; sourceTree = "<group>"; };
		00F3918427482E6300601420 /* JSONTvDetails.swift */ = {isa = PBXFileReference; fileEncoding = 4; lastKnownFileType = sourcecode.swift; path = JSONTvDetails.swift; sourceTree = "<group>"; };
		00F3918527482E6300601420 /* TvSpokenLanguages.swift */ = {isa = PBXFileReference; fileEncoding = 4; lastKnownFileType = sourcecode.swift; path = TvSpokenLanguages.swift; sourceTree = "<group>"; };
		00F3918627482E6300601420 /* TvNextEpisodeToAir.swift */ = {isa = PBXFileReference; fileEncoding = 4; lastKnownFileType = sourcecode.swift; path = TvNextEpisodeToAir.swift; sourceTree = "<group>"; };
		00F3918727482E6300601420 /* TvSeasons.swift */ = {isa = PBXFileReference; fileEncoding = 4; lastKnownFileType = sourcecode.swift; path = TvSeasons.swift; sourceTree = "<group>"; };
		00F391932748461D00601420 /* TvSeasoneCollectionViewCell.swift */ = {isa = PBXFileReference; lastKnownFileType = sourcecode.swift; path = TvSeasoneCollectionViewCell.swift; sourceTree = "<group>"; };
		00F391942748461D00601420 /* TvSeasoneCollectionViewCell.xib */ = {isa = PBXFileReference; lastKnownFileType = file.xib; path = TvSeasoneCollectionViewCell.xib; sourceTree = "<group>"; };
		28A5D51E6F63510921A31FE8 /* Pods-CourseProject.release.xcconfig */ = {isa = PBXFileReference; includeInIndex = 1; lastKnownFileType = text.xcconfig; name = "Pods-CourseProject.release.xcconfig"; path = "Target Support Files/Pods-CourseProject/Pods-CourseProject.release.xcconfig"; sourceTree = "<group>"; };
		6BCC1A3517366F262FCCDE41 /* Pods_CourseProject.framework */ = {isa = PBXFileReference; explicitFileType = wrapper.framework; includeInIndex = 0; path = Pods_CourseProject.framework; sourceTree = BUILT_PRODUCTS_DIR; };
		781592EA6BA16F63BD438C30 /* Pods-CourseProject.debug.xcconfig */ = {isa = PBXFileReference; includeInIndex = 1; lastKnownFileType = text.xcconfig; name = "Pods-CourseProject.debug.xcconfig"; path = "Target Support Files/Pods-CourseProject/Pods-CourseProject.debug.xcconfig"; sourceTree = "<group>"; };
/* End PBXFileReference section */

/* Begin PBXFrameworksBuildPhase section */
		00CEFA3D273BEF9E00421608 /* Frameworks */ = {
			isa = PBXFrameworksBuildPhase;
			buildActionMask = 2147483647;
			files = (
				21E41077E7786EED49E04402 /* Pods_CourseProject.framework in Frameworks */,
			);
			runOnlyForDeploymentPostprocessing = 0;
		};
/* End PBXFrameworksBuildPhase section */

/* Begin PBXGroup section */
		003557612746731600D9AA05 /* Main */ = {
			isa = PBXGroup;
			children = (
				00A855EF2742FBA60060D2AE /* MainPageCollectionViewCell.swift */,
				00A855F02742FBA60060D2AE /* MainPageCollectionViewCell.xib */,
			);
			path = Main;
			sourceTree = "<group>";
		};
		0035576327468C9400D9AA05 /* Videos */ = {
			isa = PBXGroup;
			children = (
				0035576527468CEB00D9AA05 /* JSONVideo.swift */,
				0035576427468CEB00D9AA05 /* VideoResults.swift */,
			);
			path = Videos;
			sourceTree = "<group>";
		};
		0088215227453D7F000C4478 /* MovieDetails */ = {
			isa = PBXGroup;
			children = (
				003557522746610B00D9AA05 /* JSONMovieDetails.swift */,
				003557562746610B00D9AA05 /* MovieBelongsToCollection.swift */,
				003557512746610B00D9AA05 /* MovieGenres.swift */,
				003557532746610B00D9AA05 /* MovieProductionCompanies.swift */,
				003557542746610B00D9AA05 /* MovieProductionCountries.swift */,
				003557552746610B00D9AA05 /* MovieSpokenLanguages.swift */,
			);
			path = MovieDetails;
			sourceTree = "<group>";
		};
		0088216327454050000C4478 /* TVDetails */ = {
			isa = PBXGroup;
			children = (
				00F3918427482E6300601420 /* JSONTvDetails.swift */,
				00F3918327482E6300601420 /* TvCreatedBy.swift */,
				00F3918127482E6300601420 /* TvGenres.swift */,
				00F3917E27482E6300601420 /* TvLastEpisodeToAir.swift */,
				00F3918027482E6300601420 /* TvNetworks.swift */,
				00F3918627482E6300601420 /* TvNextEpisodeToAir.swift */,
				00F3917F27482E6300601420 /* TvProductionCompanies.swift */,
				00F3918227482E6300601420 /* TvProductionCountries.swift */,
				00F3918727482E6300601420 /* TvSeasons.swift */,
				00F3918527482E6300601420 /* TvSpokenLanguages.swift */,
			);
			path = TVDetails;
			sourceTree = "<group>";
		};
		00C923A9273C0DD4003AB12E /* ViewControllers */ = {
			isa = PBXGroup;
			children = (
				00CEFA47273BEF9E00421608 /* MainViewController.swift */,
				0088217427454526000C4478 /* MovieDetailsViewController.swift */,
				0088217627454638000C4478 /* TvDetailsViewController.swift */,
			);
			path = ViewControllers;
			sourceTree = "<group>";
		};
		00CEFA37273BEF9E00421608 = {
			isa = PBXGroup;
			children = (
				00CEFA42273BEF9E00421608 /* CourseProject */,
				00CEFA41273BEF9E00421608 /* Products */,
				39DA1E1ACBC4ECB572B56010 /* Pods */,
				E2BC44E769C1EED36A74A335 /* Frameworks */,
			);
			sourceTree = "<group>";
		};
		00CEFA41273BEF9E00421608 /* Products */ = {
			isa = PBXGroup;
			children = (
				00CEFA40273BEF9E00421608 /* CourseProject.app */,
			);
			name = Products;
			sourceTree = "<group>";
		};
		00CEFA42273BEF9E00421608 /* CourseProject */ = {
			isa = PBXGroup;
			children = (
				00C923A9273C0DD4003AB12E /* ViewControllers */,
				00CEFA60273BF78A00421608 /* CELL */,
				00CEFA5B273BF28C00421608 /* Models */,
				00CEFA59273BF1FD00421608 /* NetworkManager.swift */,
				00CEFA45273BEF9E00421608 /* SceneDelegate.swift */,
				00CEFA43273BEF9E00421608 /* AppDelegate.swift */,
				00CEFA49273BEF9E00421608 /* Main.storyboard */,
				00CEFA4C273BEF9F00421608 /* Assets.xcassets */,
				00CEFA4E273BEF9F00421608 /* LaunchScreen.storyboard */,
				00CEFA51273BEF9F00421608 /* Info.plist */,
			);
			path = CourseProject;
			sourceTree = "<group>";
		};
		00CEFA5B273BF28C00421608 /* Models */ = {
			isa = PBXGroup;
			children = (
				00CEFA5D273BF2BC00421608 /* JSONRespose.swift */,
				00CEFA5C273BF2BC00421608 /* Results.swift */,
				0088215227453D7F000C4478 /* MovieDetails */,
				0088216327454050000C4478 /* TVDetails */,
				0035576327468C9400D9AA05 /* Videos */,
			);
			path = Models;
			sourceTree = "<group>";
		};
		00CEFA60273BF78A00421608 /* CELL */ = {
			isa = PBXGroup;
			children = (
				00F39192274845FB00601420 /* TvSeasone */,
				003557612746731600D9AA05 /* Main */,
			);
			path = CELL;
			sourceTree = "<group>";
		};
		00F39192274845FB00601420 /* TvSeasone */ = {
			isa = PBXGroup;
			children = (
				00F391932748461D00601420 /* TvSeasoneCollectionViewCell.swift */,
				00F391942748461D00601420 /* TvSeasoneCollectionViewCell.xib */,
			);
			path = TvSeasone;
			sourceTree = "<group>";
		};
		39DA1E1ACBC4ECB572B56010 /* Pods */ = {
			isa = PBXGroup;
			children = (
				781592EA6BA16F63BD438C30 /* Pods-CourseProject.debug.xcconfig */,
				28A5D51E6F63510921A31FE8 /* Pods-CourseProject.release.xcconfig */,
			);
			path = Pods;
			sourceTree = "<group>";
		};
		E2BC44E769C1EED36A74A335 /* Frameworks */ = {
			isa = PBXGroup;
			children = (
				6BCC1A3517366F262FCCDE41 /* Pods_CourseProject.framework */,
			);
			name = Frameworks;
			sourceTree = "<group>";
		};
/* End PBXGroup section */

/* Begin PBXNativeTarget section */
		00CEFA3F273BEF9E00421608 /* CourseProject */ = {
			isa = PBXNativeTarget;
			buildConfigurationList = 00CEFA54273BEF9F00421608 /* Build configuration list for PBXNativeTarget "CourseProject" */;
			buildPhases = (
				E88A9DEFA628789A304B4DFF /* [CP] Check Pods Manifest.lock */,
				00CEFA3C273BEF9E00421608 /* Sources */,
				00CEFA3D273BEF9E00421608 /* Frameworks */,
				00CEFA3E273BEF9E00421608 /* Resources */,
				A7A352E4A25BFC2B0DCF309E /* [CP] Embed Pods Frameworks */,
			);
			buildRules = (
			);
			dependencies = (
			);
			name = CourseProject;
			productName = CourseProject;
			productReference = 00CEFA40273BEF9E00421608 /* CourseProject.app */;
			productType = "com.apple.product-type.application";
		};
/* End PBXNativeTarget section */

/* Begin PBXProject section */
		00CEFA38273BEF9E00421608 /* Project object */ = {
			isa = PBXProject;
			attributes = {
				BuildIndependentTargetsInParallel = 1;
				LastSwiftUpdateCheck = 1310;
				LastUpgradeCheck = 1310;
				TargetAttributes = {
					00CEFA3F273BEF9E00421608 = {
						CreatedOnToolsVersion = 13.1;
					};
				};
			};
			buildConfigurationList = 00CEFA3B273BEF9E00421608 /* Build configuration list for PBXProject "CourseProject" */;
			compatibilityVersion = "Xcode 13.0";
			developmentRegion = en;
			hasScannedForEncodings = 0;
			knownRegions = (
				en,
				Base,
			);
			mainGroup = 00CEFA37273BEF9E00421608;
			productRefGroup = 00CEFA41273BEF9E00421608 /* Products */;
			projectDirPath = "";
			projectRoot = "";
			targets = (
				00CEFA3F273BEF9E00421608 /* CourseProject */,
			);
		};
/* End PBXProject section */

/* Begin PBXResourcesBuildPhase section */
		00CEFA3E273BEF9E00421608 /* Resources */ = {
			isa = PBXResourcesBuildPhase;
			buildActionMask = 2147483647;
			files = (
				00CEFA50273BEF9F00421608 /* LaunchScreen.storyboard in Resources */,
				00F391962748461D00601420 /* TvSeasoneCollectionViewCell.xib in Resources */,
				00CEFA4D273BEF9F00421608 /* Assets.xcassets in Resources */,
				00CEFA4B273BEF9E00421608 /* Main.storyboard in Resources */,
				00A855F22742FBA60060D2AE /* MainPageCollectionViewCell.xib in Resources */,
			);
			runOnlyForDeploymentPostprocessing = 0;
		};
/* End PBXResourcesBuildPhase section */

/* Begin PBXShellScriptBuildPhase section */
		A7A352E4A25BFC2B0DCF309E /* [CP] Embed Pods Frameworks */ = {
			isa = PBXShellScriptBuildPhase;
			buildActionMask = 2147483647;
			files = (
			);
			inputFileListPaths = (
				"${PODS_ROOT}/Target Support Files/Pods-CourseProject/Pods-CourseProject-frameworks-${CONFIGURATION}-input-files.xcfilelist",
			);
			name = "[CP] Embed Pods Frameworks";
			outputFileListPaths = (
				"${PODS_ROOT}/Target Support Files/Pods-CourseProject/Pods-CourseProject-frameworks-${CONFIGURATION}-output-files.xcfilelist",
			);
			runOnlyForDeploymentPostprocessing = 0;
			shellPath = /bin/sh;
			shellScript = "\"${PODS_ROOT}/Target Support Files/Pods-CourseProject/Pods-CourseProject-frameworks.sh\"\n";
			showEnvVarsInLog = 0;
		};
		E88A9DEFA628789A304B4DFF /* [CP] Check Pods Manifest.lock */ = {
			isa = PBXShellScriptBuildPhase;
			buildActionMask = 2147483647;
			files = (
			);
			inputFileListPaths = (
			);
			inputPaths = (
				"${PODS_PODFILE_DIR_PATH}/Podfile.lock",
				"${PODS_ROOT}/Manifest.lock",
			);
			name = "[CP] Check Pods Manifest.lock";
			outputFileListPaths = (
			);
			outputPaths = (
				"$(DERIVED_FILE_DIR)/Pods-CourseProject-checkManifestLockResult.txt",
			);
			runOnlyForDeploymentPostprocessing = 0;
			shellPath = /bin/sh;
			shellScript = "diff \"${PODS_PODFILE_DIR_PATH}/Podfile.lock\" \"${PODS_ROOT}/Manifest.lock\" > /dev/null\nif [ $? != 0 ] ; then\n    # print error to STDERR\n    echo \"error: The sandbox is not in sync with the Podfile.lock. Run 'pod install' or update your CocoaPods installation.\" >&2\n    exit 1\nfi\n# This output is used by Xcode 'outputs' to avoid re-running this script phase.\necho \"SUCCESS\" > \"${SCRIPT_OUTPUT_FILE_0}\"\n";
			showEnvVarsInLog = 0;
		};
/* End PBXShellScriptBuildPhase section */

/* Begin PBXSourcesBuildPhase section */
		00CEFA3C273BEF9E00421608 /* Sources */ = {
			isa = PBXSourcesBuildPhase;
			buildActionMask = 2147483647;
			files = (
				00CEFA5A273BF1FD00421608 /* NetworkManager.swift in Sources */,
				00F3918827482E6300601420 /* TvLastEpisodeToAir.swift in Sources */,
				00F3918A27482E6300601420 /* TvNetworks.swift in Sources */,
				0088217527454526000C4478 /* MovieDetailsViewController.swift in Sources */,
				00CEFA48273BEF9E00421608 /* MainViewController.swift in Sources */,
				00F391952748461D00601420 /* TvSeasoneCollectionViewCell.swift in Sources */,
				00F3918E27482E6300601420 /* JSONTvDetails.swift in Sources */,
				00CEFA44273BEF9E00421608 /* AppDelegate.swift in Sources */,
				003557592746610B00D9AA05 /* MovieProductionCompanies.swift in Sources */,
				00F3918C27482E6300601420 /* TvProductionCountries.swift in Sources */,
				00F3918F27482E6300601420 /* TvSpokenLanguages.swift in Sources */,
				00F3919027482E6300601420 /* TvNextEpisodeToAir.swift in Sources */,
				00F3918D27482E6300601420 /* TvCreatedBy.swift in Sources */,
				00F3918927482E6300601420 /* TvProductionCompanies.swift in Sources */,
				0035575A2746610B00D9AA05 /* MovieProductionCountries.swift in Sources */,
				00F3918B27482E6300601420 /* TvGenres.swift in Sources */,
				0035575C2746610B00D9AA05 /* MovieBelongsToCollection.swift in Sources */,
				0088217727454638000C4478 /* TvDetailsViewController.swift in Sources */,
				003557572746610B00D9AA05 /* MovieGenres.swift in Sources */,
				003557582746610B00D9AA05 /* JSONMovieDetails.swift in Sources */,
				00CEFA46273BEF9E00421608 /* SceneDelegate.swift in Sources */,
				0035576727468CEB00D9AA05 /* JSONVideo.swift in Sources */,
				00F3919127482E6300601420 /* TvSeasons.swift in Sources */,
				00CEFA5E273BF2BC00421608 /* Results.swift in Sources */,
				0035576627468CEB00D9AA05 /* VideoResults.swift in Sources */,
				00CEFA5F273BF2BC00421608 /* JSONRespose.swift in Sources */,
				00A855F12742FBA60060D2AE /* MainPageCollectionViewCell.swift in Sources */,
				0035575B2746610B00D9AA05 /* MovieSpokenLanguages.swift in Sources */,
			);
			runOnlyForDeploymentPostprocessing = 0;
		};
/* End PBXSourcesBuildPhase section */

/* Begin PBXVariantGroup section */
		00CEFA49273BEF9E00421608 /* Main.storyboard */ = {
			isa = PBXVariantGroup;
			children = (
				00CEFA4A273BEF9E00421608 /* Base */,
			);
			name = Main.storyboard;
			sourceTree = "<group>";
		};
		00CEFA4E273BEF9F00421608 /* LaunchScreen.storyboard */ = {
			isa = PBXVariantGroup;
			children = (
				00CEFA4F273BEF9F00421608 /* Base */,
			);
			name = LaunchScreen.storyboard;
			sourceTree = "<group>";
		};
/* End PBXVariantGroup section */

/* Begin XCBuildConfiguration section */
		00CEFA52273BEF9F00421608 /* Debug */ = {
			isa = XCBuildConfiguration;
			buildSettings = {
				ALWAYS_SEARCH_USER_PATHS = NO;
				CLANG_ANALYZER_NONNULL = YES;
				CLANG_ANALYZER_NUMBER_OBJECT_CONVERSION = YES_AGGRESSIVE;
				CLANG_CXX_LANGUAGE_STANDARD = "gnu++17";
				CLANG_CXX_LIBRARY = "libc++";
				CLANG_ENABLE_MODULES = YES;
				CLANG_ENABLE_OBJC_ARC = YES;
				CLANG_ENABLE_OBJC_WEAK = YES;
				CLANG_WARN_BLOCK_CAPTURE_AUTORELEASING = YES;
				CLANG_WARN_BOOL_CONVERSION = YES;
				CLANG_WARN_COMMA = YES;
				CLANG_WARN_CONSTANT_CONVERSION = YES;
				CLANG_WARN_DEPRECATED_OBJC_IMPLEMENTATIONS = YES;
				CLANG_WARN_DIRECT_OBJC_ISA_USAGE = YES_ERROR;
				CLANG_WARN_DOCUMENTATION_COMMENTS = YES;
				CLANG_WARN_EMPTY_BODY = YES;
				CLANG_WARN_ENUM_CONVERSION = YES;
				CLANG_WARN_INFINITE_RECURSION = YES;
				CLANG_WARN_INT_CONVERSION = YES;
				CLANG_WARN_NON_LITERAL_NULL_CONVERSION = YES;
				CLANG_WARN_OBJC_IMPLICIT_RETAIN_SELF = YES;
				CLANG_WARN_OBJC_LITERAL_CONVERSION = YES;
				CLANG_WARN_OBJC_ROOT_CLASS = YES_ERROR;
				CLANG_WARN_QUOTED_INCLUDE_IN_FRAMEWORK_HEADER = YES;
				CLANG_WARN_RANGE_LOOP_ANALYSIS = YES;
				CLANG_WARN_STRICT_PROTOTYPES = YES;
				CLANG_WARN_SUSPICIOUS_MOVE = YES;
				CLANG_WARN_UNGUARDED_AVAILABILITY = YES_AGGRESSIVE;
				CLANG_WARN_UNREACHABLE_CODE = YES;
				CLANG_WARN__DUPLICATE_METHOD_MATCH = YES;
				COPY_PHASE_STRIP = NO;
				DEBUG_INFORMATION_FORMAT = dwarf;
				ENABLE_STRICT_OBJC_MSGSEND = YES;
				ENABLE_TESTABILITY = YES;
				GCC_C_LANGUAGE_STANDARD = gnu11;
				GCC_DYNAMIC_NO_PIC = NO;
				GCC_NO_COMMON_BLOCKS = YES;
				GCC_OPTIMIZATION_LEVEL = 0;
				GCC_PREPROCESSOR_DEFINITIONS = (
					"DEBUG=1",
					"$(inherited)",
				);
				GCC_WARN_64_TO_32_BIT_CONVERSION = YES;
				GCC_WARN_ABOUT_RETURN_TYPE = YES_ERROR;
				GCC_WARN_UNDECLARED_SELECTOR = YES;
				GCC_WARN_UNINITIALIZED_AUTOS = YES_AGGRESSIVE;
				GCC_WARN_UNUSED_FUNCTION = YES;
				GCC_WARN_UNUSED_VARIABLE = YES;
				IPHONEOS_DEPLOYMENT_TARGET = 15.0;
				MTL_ENABLE_DEBUG_INFO = INCLUDE_SOURCE;
				MTL_FAST_MATH = YES;
				ONLY_ACTIVE_ARCH = YES;
				SDKROOT = iphoneos;
				SWIFT_ACTIVE_COMPILATION_CONDITIONS = DEBUG;
				SWIFT_OPTIMIZATION_LEVEL = "-Onone";
			};
			name = Debug;
		};
		00CEFA53273BEF9F00421608 /* Release */ = {
			isa = XCBuildConfiguration;
			buildSettings = {
				ALWAYS_SEARCH_USER_PATHS = NO;
				CLANG_ANALYZER_NONNULL = YES;
				CLANG_ANALYZER_NUMBER_OBJECT_CONVERSION = YES_AGGRESSIVE;
				CLANG_CXX_LANGUAGE_STANDARD = "gnu++17";
				CLANG_CXX_LIBRARY = "libc++";
				CLANG_ENABLE_MODULES = YES;
				CLANG_ENABLE_OBJC_ARC = YES;
				CLANG_ENABLE_OBJC_WEAK = YES;
				CLANG_WARN_BLOCK_CAPTURE_AUTORELEASING = YES;
				CLANG_WARN_BOOL_CONVERSION = YES;
				CLANG_WARN_COMMA = YES;
				CLANG_WARN_CONSTANT_CONVERSION = YES;
				CLANG_WARN_DEPRECATED_OBJC_IMPLEMENTATIONS = YES;
				CLANG_WARN_DIRECT_OBJC_ISA_USAGE = YES_ERROR;
				CLANG_WARN_DOCUMENTATION_COMMENTS = YES;
				CLANG_WARN_EMPTY_BODY = YES;
				CLANG_WARN_ENUM_CONVERSION = YES;
				CLANG_WARN_INFINITE_RECURSION = YES;
				CLANG_WARN_INT_CONVERSION = YES;
				CLANG_WARN_NON_LITERAL_NULL_CONVERSION = YES;
				CLANG_WARN_OBJC_IMPLICIT_RETAIN_SELF = YES;
				CLANG_WARN_OBJC_LITERAL_CONVERSION = YES;
				CLANG_WARN_OBJC_ROOT_CLASS = YES_ERROR;
				CLANG_WARN_QUOTED_INCLUDE_IN_FRAMEWORK_HEADER = YES;
				CLANG_WARN_RANGE_LOOP_ANALYSIS = YES;
				CLANG_WARN_STRICT_PROTOTYPES = YES;
				CLANG_WARN_SUSPICIOUS_MOVE = YES;
				CLANG_WARN_UNGUARDED_AVAILABILITY = YES_AGGRESSIVE;
				CLANG_WARN_UNREACHABLE_CODE = YES;
				CLANG_WARN__DUPLICATE_METHOD_MATCH = YES;
				COPY_PHASE_STRIP = NO;
				DEBUG_INFORMATION_FORMAT = "dwarf-with-dsym";
				ENABLE_NS_ASSERTIONS = NO;
				ENABLE_STRICT_OBJC_MSGSEND = YES;
				GCC_C_LANGUAGE_STANDARD = gnu11;
				GCC_NO_COMMON_BLOCKS = YES;
				GCC_WARN_64_TO_32_BIT_CONVERSION = YES;
				GCC_WARN_ABOUT_RETURN_TYPE = YES_ERROR;
				GCC_WARN_UNDECLARED_SELECTOR = YES;
				GCC_WARN_UNINITIALIZED_AUTOS = YES_AGGRESSIVE;
				GCC_WARN_UNUSED_FUNCTION = YES;
				GCC_WARN_UNUSED_VARIABLE = YES;
				IPHONEOS_DEPLOYMENT_TARGET = 15.0;
				MTL_ENABLE_DEBUG_INFO = NO;
				MTL_FAST_MATH = YES;
				SDKROOT = iphoneos;
				SWIFT_COMPILATION_MODE = wholemodule;
				SWIFT_OPTIMIZATION_LEVEL = "-O";
				VALIDATE_PRODUCT = YES;
			};
			name = Release;
		};
		00CEFA55273BEF9F00421608 /* Debug */ = {
			isa = XCBuildConfiguration;
			baseConfigurationReference = 781592EA6BA16F63BD438C30 /* Pods-CourseProject.debug.xcconfig */;
			buildSettings = {
				ASSETCATALOG_COMPILER_APPICON_NAME = AppIcon;
				ASSETCATALOG_COMPILER_GLOBAL_ACCENT_COLOR_NAME = AccentColor;
				CODE_SIGN_IDENTITY = "Apple Development";
				CODE_SIGN_STYLE = Automatic;
				CURRENT_PROJECT_VERSION = 1;
				DEVELOPMENT_TEAM = FCFHS2BVLY;
				GENERATE_INFOPLIST_FILE = YES;
				INFOPLIST_FILE = CourseProject/Info.plist;
				INFOPLIST_KEY_UIApplicationSupportsIndirectInputEvents = YES;
				INFOPLIST_KEY_UILaunchStoryboardName = LaunchScreen;
				INFOPLIST_KEY_UIMainStoryboardFile = Main;
				INFOPLIST_KEY_UISupportedInterfaceOrientations = "UIInterfaceOrientationPortrait UIInterfaceOrientationPortraitUpsideDown";
				INFOPLIST_KEY_UISupportedInterfaceOrientations_iPad = "UIInterfaceOrientationPortrait UIInterfaceOrientationPortraitUpsideDown UIInterfaceOrientationLandscapeLeft UIInterfaceOrientationLandscapeRight";
				INFOPLIST_KEY_UISupportedInterfaceOrientations_iPhone = "UIInterfaceOrientationPortrait UIInterfaceOrientationLandscapeLeft UIInterfaceOrientationLandscapeRight";
				IPHONEOS_DEPLOYMENT_TARGET = 14.0;
				LD_RUNPATH_SEARCH_PATHS = (
					"$(inherited)",
					"@executable_path/Frameworks",
				);
				MARKETING_VERSION = 1.0;
				PRODUCT_BUNDLE_IDENTIFIER = arem.CourseProject;
				PRODUCT_NAME = "$(TARGET_NAME)";
				PROVISIONING_PROFILE_SPECIFIER = "";
				SWIFT_EMIT_LOC_STRINGS = YES;
				SWIFT_VERSION = 5.0;
				TARGETED_DEVICE_FAMILY = "1,2";
			};
			name = Debug;
		};
		00CEFA56273BEF9F00421608 /* Release */ = {
			isa = XCBuildConfiguration;
			baseConfigurationReference = 28A5D51E6F63510921A31FE8 /* Pods-CourseProject.release.xcconfig */;
			buildSettings = {
				ASSETCATALOG_COMPILER_APPICON_NAME = AppIcon;
				ASSETCATALOG_COMPILER_GLOBAL_ACCENT_COLOR_NAME = AccentColor;
				CODE_SIGN_IDENTITY = "Apple Development";
				CODE_SIGN_STYLE = Automatic;
				CURRENT_PROJECT_VERSION = 1;
				DEVELOPMENT_TEAM = FCFHS2BVLY;
				GENERATE_INFOPLIST_FILE = YES;
				INFOPLIST_FILE = CourseProject/Info.plist;
				INFOPLIST_KEY_UIApplicationSupportsIndirectInputEvents = YES;
				INFOPLIST_KEY_UILaunchStoryboardName = LaunchScreen;
				INFOPLIST_KEY_UIMainStoryboardFile = Main;
				INFOPLIST_KEY_UISupportedInterfaceOrientations = "UIInterfaceOrientationPortrait UIInterfaceOrientationPortraitUpsideDown";
				INFOPLIST_KEY_UISupportedInterfaceOrientations_iPad = "UIInterfaceOrientationPortrait UIInterfaceOrientationPortraitUpsideDown UIInterfaceOrientationLandscapeLeft UIInterfaceOrientationLandscapeRight";
				INFOPLIST_KEY_UISupportedInterfaceOrientations_iPhone = "UIInterfaceOrientationPortrait UIInterfaceOrientationLandscapeLeft UIInterfaceOrientationLandscapeRight";
				IPHONEOS_DEPLOYMENT_TARGET = 14.0;
				LD_RUNPATH_SEARCH_PATHS = (
					"$(inherited)",
					"@executable_path/Frameworks",
				);
				MARKETING_VERSION = 1.0;
				PRODUCT_BUNDLE_IDENTIFIER = arem.CourseProject;
				PRODUCT_NAME = "$(TARGET_NAME)";
				PROVISIONING_PROFILE_SPECIFIER = "";
				SWIFT_EMIT_LOC_STRINGS = YES;
				SWIFT_VERSION = 5.0;
				TARGETED_DEVICE_FAMILY = "1,2";
			};
			name = Release;
		};
/* End XCBuildConfiguration section */

/* Begin XCConfigurationList section */
		00CEFA3B273BEF9E00421608 /* Build configuration list for PBXProject "CourseProject" */ = {
			isa = XCConfigurationList;
			buildConfigurations = (
				00CEFA52273BEF9F00421608 /* Debug */,
				00CEFA53273BEF9F00421608 /* Release */,
			);
			defaultConfigurationIsVisible = 0;
			defaultConfigurationName = Release;
		};
		00CEFA54273BEF9F00421608 /* Build configuration list for PBXNativeTarget "CourseProject" */ = {
			isa = XCConfigurationList;
			buildConfigurations = (
				00CEFA55273BEF9F00421608 /* Debug */,
				00CEFA56273BEF9F00421608 /* Release */,
			);
			defaultConfigurationIsVisible = 0;
			defaultConfigurationName = Release;
		};
/* End XCConfigurationList section */
	};
	rootObject = 00CEFA38273BEF9E00421608 /* Project object */;
}
